// !$*UTF8*$!
{
	archiveVersion = 1;
	classes = {
	};
	objectVersion = 50;
	objects = {

/* Begin PBXBuildFile section */
		45BF38BC265D3423009B9194 /* AppDelegate.swift in Sources */ = {isa = PBXBuildFile; fileRef = 45BF38BB265D3423009B9194 /* AppDelegate.swift */; };
		45BF38C0265D3423009B9194 /* ViewController.swift in Sources */ = {isa = PBXBuildFile; fileRef = 45BF38BF265D3423009B9194 /* ViewController.swift */; };
		45BF38C3265D3423009B9194 /* Main.storyboard in Resources */ = {isa = PBXBuildFile; fileRef = 45BF38C1265D3423009B9194 /* Main.storyboard */; };
		45BF38C5265D3424009B9194 /* Assets.xcassets in Resources */ = {isa = PBXBuildFile; fileRef = 45BF38C4265D3424009B9194 /* Assets.xcassets */; };
		45BF38C8265D3424009B9194 /* LaunchScreen.storyboard in Resources */ = {isa = PBXBuildFile; fileRef = 45BF38C6265D3424009B9194 /* LaunchScreen.storyboard */; };
		45BF38D3265D3424009B9194 /* JRProgressTests.swift in Sources */ = {isa = PBXBuildFile; fileRef = 45BF38D2265D3424009B9194 /* JRProgressTests.swift */; };
		45BF38DE265D3424009B9194 /* JRProgressUITests.swift in Sources */ = {isa = PBXBuildFile; fileRef = 45BF38DD265D3424009B9194 /* JRProgressUITests.swift */; };
		45BF38F2265D348C009B9194 /* JRProgressView.swift in Sources */ = {isa = PBXBuildFile; fileRef = 45BF38F1265D348C009B9194 /* JRProgressView.swift */; };
/* End PBXBuildFile section */

/* Begin PBXContainerItemProxy section */
		45BF38CF265D3424009B9194 /* PBXContainerItemProxy */ = {
			isa = PBXContainerItemProxy;
			containerPortal = 45BF38B0265D3423009B9194 /* Project object */;
			proxyType = 1;
			remoteGlobalIDString = 45BF38B7265D3423009B9194;
			remoteInfo = JRProgress;
		};
		45BF38DA265D3424009B9194 /* PBXContainerItemProxy */ = {
			isa = PBXContainerItemProxy;
			containerPortal = 45BF38B0265D3423009B9194 /* Project object */;
			proxyType = 1;
			remoteGlobalIDString = 45BF38B7265D3423009B9194;
			remoteInfo = JRProgress;
		};
/* End PBXContainerItemProxy section */

/* Begin PBXFileReference section */
		45BF38B8265D3423009B9194 /* JRProgress.app */ = {isa = PBXFileReference; explicitFileType = wrapper.application; includeInIndex = 0; path = JRProgress.app; sourceTree = BUILT_PRODUCTS_DIR; };
		45BF38BB265D3423009B9194 /* AppDelegate.swift */ = {isa = PBXFileReference; lastKnownFileType = sourcecode.swift; path = AppDelegate.swift; sourceTree = "<group>"; };
		45BF38BF265D3423009B9194 /* ViewController.swift */ = {isa = PBXFileReference; lastKnownFileType = sourcecode.swift; path = ViewController.swift; sourceTree = "<group>"; };
		45BF38C2265D3423009B9194 /* Base */ = {isa = PBXFileReference; lastKnownFileType = file.storyboard; name = Base; path = Base.lproj/Main.storyboard; sourceTree = "<group>"; };
		45BF38C4265D3424009B9194 /* Assets.xcassets */ = {isa = PBXFileReference; lastKnownFileType = folder.assetcatalog; path = Assets.xcassets; sourceTree = "<group>"; };
		45BF38C7265D3424009B9194 /* Base */ = {isa = PBXFileReference; lastKnownFileType = file.storyboard; name = Base; path = Base.lproj/LaunchScreen.storyboard; sourceTree = "<group>"; };
		45BF38C9265D3424009B9194 /* Info.plist */ = {isa = PBXFileReference; lastKnownFileType = text.plist.xml; path = Info.plist; sourceTree = "<group>"; };
		45BF38CE265D3424009B9194 /* JRProgressTests.xctest */ = {isa = PBXFileReference; explicitFileType = wrapper.cfbundle; includeInIndex = 0; path = JRProgressTests.xctest; sourceTree = BUILT_PRODUCTS_DIR; };
		45BF38D2265D3424009B9194 /* JRProgressTests.swift */ = {isa = PBXFileReference; lastKnownFileType = sourcecode.swift; path = JRProgressTests.swift; sourceTree = "<group>"; };
		45BF38D4265D3424009B9194 /* Info.plist */ = {isa = PBXFileReference; lastKnownFileType = text.plist.xml; path = Info.plist; sourceTree = "<group>"; };
		45BF38D9265D3424009B9194 /* JRProgressUITests.xctest */ = {isa = PBXFileReference; explicitFileType = wrapper.cfbundle; includeInIndex = 0; path = JRProgressUITests.xctest; sourceTree = BUILT_PRODUCTS_DIR; };
		45BF38DD265D3424009B9194 /* JRProgressUITests.swift */ = {isa = PBXFileReference; lastKnownFileType = sourcecode.swift; path = JRProgressUITests.swift; sourceTree = "<group>"; };
		45BF38DF265D3424009B9194 /* Info.plist */ = {isa = PBXFileReference; lastKnownFileType = text.plist.xml; path = Info.plist; sourceTree = "<group>"; };
		45BF38F1265D348C009B9194 /* JRProgressView.swift */ = {isa = PBXFileReference; lastKnownFileType = sourcecode.swift; path = JRProgressView.swift; sourceTree = "<group>"; };
/* End PBXFileReference section */

/* Begin PBXFrameworksBuildPhase section */
		45BF38B5265D3423009B9194 /* Frameworks */ = {
			isa = PBXFrameworksBuildPhase;
			buildActionMask = 2147483647;
			files = (
			);
			runOnlyForDeploymentPostprocessing = 0;
		};
		45BF38CB265D3424009B9194 /* Frameworks */ = {
			isa = PBXFrameworksBuildPhase;
			buildActionMask = 2147483647;
			files = (
			);
			runOnlyForDeploymentPostprocessing = 0;
		};
		45BF38D6265D3424009B9194 /* Frameworks */ = {
			isa = PBXFrameworksBuildPhase;
			buildActionMask = 2147483647;
			files = (
			);
			runOnlyForDeploymentPostprocessing = 0;
		};
/* End PBXFrameworksBuildPhase section */

/* Begin PBXGroup section */
		45BF38AF265D3423009B9194 = {
			isa = PBXGroup;
			children = (
				45BF38BA265D3423009B9194 /* JRProgress */,
				45BF38D1265D3424009B9194 /* JRProgressTests */,
				45BF38DC265D3424009B9194 /* JRProgressUITests */,
				45BF38B9265D3423009B9194 /* Products */,
			);
			sourceTree = "<group>";
		};
		45BF38B9265D3423009B9194 /* Products */ = {
			isa = PBXGroup;
			children = (
				45BF38B8265D3423009B9194 /* JRProgress.app */,
				45BF38CE265D3424009B9194 /* JRProgressTests.xctest */,
				45BF38D9265D3424009B9194 /* JRProgressUITests.xctest */,
			);
			name = Products;
			sourceTree = "<group>";
		};
		45BF38BA265D3423009B9194 /* JRProgress */ = {
			isa = PBXGroup;
			children = (
				45BF38F1265D348C009B9194 /* JRProgressView.swift */,
				45BF38BB265D3423009B9194 /* AppDelegate.swift */,
				45BF38BF265D3423009B9194 /* ViewController.swift */,
				45BF38C1265D3423009B9194 /* Main.storyboard */,
				45BF38C4265D3424009B9194 /* Assets.xcassets */,
				45BF38C6265D3424009B9194 /* LaunchScreen.storyboard */,
				45BF38C9265D3424009B9194 /* Info.plist */,
			);
			path = JRProgress;
			sourceTree = "<group>";
		};
		45BF38D1265D3424009B9194 /* JRProgressTests */ = {
			isa = PBXGroup;
			children = (
				45BF38D2265D3424009B9194 /* JRProgressTests.swift */,
				45BF38D4265D3424009B9194 /* Info.plist */,
			);
			path = JRProgressTests;
			sourceTree = "<group>";
		};
		45BF38DC265D3424009B9194 /* JRProgressUITests */ = {
			isa = PBXGroup;
			children = (
				45BF38DD265D3424009B9194 /* JRProgressUITests.swift */,
				45BF38DF265D3424009B9194 /* Info.plist */,
			);
			path = JRProgressUITests;
			sourceTree = "<group>";
		};
/* End PBXGroup section */

/* Begin PBXNativeTarget section */
		45BF38B7265D3423009B9194 /* JRProgress */ = {
			isa = PBXNativeTarget;
			buildConfigurationList = 45BF38E2265D3424009B9194 /* Build configuration list for PBXNativeTarget "JRProgress" */;
			buildPhases = (
				45BF38B4265D3423009B9194 /* Sources */,
				45BF38B5265D3423009B9194 /* Frameworks */,
				45BF38B6265D3423009B9194 /* Resources */,
			);
			buildRules = (
			);
			dependencies = (
			);
			name = JRProgress;
			productName = JRProgress;
			productReference = 45BF38B8265D3423009B9194 /* JRProgress.app */;
			productType = "com.apple.product-type.application";
		};
		45BF38CD265D3424009B9194 /* JRProgressTests */ = {
			isa = PBXNativeTarget;
			buildConfigurationList = 45BF38E5265D3424009B9194 /* Build configuration list for PBXNativeTarget "JRProgressTests" */;
			buildPhases = (
				45BF38CA265D3424009B9194 /* Sources */,
				45BF38CB265D3424009B9194 /* Frameworks */,
				45BF38CC265D3424009B9194 /* Resources */,
			);
			buildRules = (
			);
			dependencies = (
				45BF38D0265D3424009B9194 /* PBXTargetDependency */,
			);
			name = JRProgressTests;
			productName = JRProgressTests;
			productReference = 45BF38CE265D3424009B9194 /* JRProgressTests.xctest */;
			productType = "com.apple.product-type.bundle.unit-test";
		};
		45BF38D8265D3424009B9194 /* JRProgressUITests */ = {
			isa = PBXNativeTarget;
			buildConfigurationList = 45BF38E8265D3424009B9194 /* Build configuration list for PBXNativeTarget "JRProgressUITests" */;
			buildPhases = (
				45BF38D5265D3424009B9194 /* Sources */,
				45BF38D6265D3424009B9194 /* Frameworks */,
				45BF38D7265D3424009B9194 /* Resources */,
			);
			buildRules = (
			);
			dependencies = (
				45BF38DB265D3424009B9194 /* PBXTargetDependency */,
			);
			name = JRProgressUITests;
			productName = JRProgressUITests;
			productReference = 45BF38D9265D3424009B9194 /* JRProgressUITests.xctest */;
			productType = "com.apple.product-type.bundle.ui-testing";
		};
/* End PBXNativeTarget section */

/* Begin PBXProject section */
		45BF38B0265D3423009B9194 /* Project object */ = {
			isa = PBXProject;
			attributes = {
				LastSwiftUpdateCheck = 1240;
				LastUpgradeCheck = 1240;
				TargetAttributes = {
					45BF38B7265D3423009B9194 = {
						CreatedOnToolsVersion = 12.4;
					};
					45BF38CD265D3424009B9194 = {
						CreatedOnToolsVersion = 12.4;
						TestTargetID = 45BF38B7265D3423009B9194;
					};
					45BF38D8265D3424009B9194 = {
						CreatedOnToolsVersion = 12.4;
						TestTargetID = 45BF38B7265D3423009B9194;
					};
				};
			};
			buildConfigurationList = 45BF38B3265D3423009B9194 /* Build configuration list for PBXProject "JRProgress" */;
			compatibilityVersion = "Xcode 9.3";
			developmentRegion = en;
			hasScannedForEncodings = 0;
			knownRegions = (
				en,
				Base,
			);
			mainGroup = 45BF38AF265D3423009B9194;
			productRefGroup = 45BF38B9265D3423009B9194 /* Products */;
			projectDirPath = "";
			projectRoot = "";
			targets = (
				45BF38B7265D3423009B9194 /* JRProgress */,
				45BF38CD265D3424009B9194 /* JRProgressTests */,
				45BF38D8265D3424009B9194 /* JRProgressUITests */,
			);
		};
/* End PBXProject section */

/* Begin PBXResourcesBuildPhase section */
		45BF38B6265D3423009B9194 /* Resources */ = {
			isa = PBXResourcesBuildPhase;
			buildActionMask = 2147483647;
			files = (
				45BF38C8265D3424009B9194 /* LaunchScreen.storyboard in Resources */,
				45BF38C5265D3424009B9194 /* Assets.xcassets in Resources */,
				45BF38C3265D3423009B9194 /* Main.storyboard in Resources */,
			);
			runOnlyForDeploymentPostprocessing = 0;
		};
		45BF38CC265D3424009B9194 /* Resources */ = {
			isa = PBXResourcesBuildPhase;
			buildActionMask = 2147483647;
			files = (
			);
			runOnlyForDeploymentPostprocessing = 0;
		};
		45BF38D7265D3424009B9194 /* Resources */ = {
			isa = PBXResourcesBuildPhase;
			buildActionMask = 2147483647;
			files = (
			);
			runOnlyForDeploymentPostprocessing = 0;
		};
/* End PBXResourcesBuildPhase section */

/* Begin PBXSourcesBuildPhase section */
		45BF38B4265D3423009B9194 /* Sources */ = {
			isa = PBXSourcesBuildPhase;
			buildActionMask = 2147483647;
			files = (
				45BF38C0265D3423009B9194 /* ViewController.swift in Sources */,
				45BF38BC265D3423009B9194 /* AppDelegate.swift in Sources */,
				45BF38F2265D348C009B9194 /* JRProgressView.swift in Sources */,
			);
			runOnlyForDeploymentPostprocessing = 0;
		};
		45BF38CA265D3424009B9194 /* Sources */ = {
			isa = PBXSourcesBuildPhase;
			buildActionMask = 2147483647;
			files = (
				45BF38D3265D3424009B9194 /* JRProgressTests.swift in Sources */,
			);
			runOnlyForDeploymentPostprocessing = 0;
		};
		45BF38D5265D3424009B9194 /* Sources */ = {
			isa = PBXSourcesBuildPhase;
			buildActionMask = 2147483647;
			files = (
				45BF38DE265D3424009B9194 /* JRProgressUITests.swift in Sources */,
			);
			runOnlyForDeploymentPostprocessing = 0;
		};
/* End PBXSourcesBuildPhase section */

/* Begin PBXTargetDependency section */
		45BF38D0265D3424009B9194 /* PBXTargetDependency */ = {
			isa = PBXTargetDependency;
			target = 45BF38B7265D3423009B9194 /* JRProgress */;
			targetProxy = 45BF38CF265D3424009B9194 /* PBXContainerItemProxy */;
		};
		45BF38DB265D3424009B9194 /* PBXTargetDependency */ = {
			isa = PBXTargetDependency;
			target = 45BF38B7265D3423009B9194 /* JRProgress */;
			targetProxy = 45BF38DA265D3424009B9194 /* PBXContainerItemProxy */;
		};
/* End PBXTargetDependency section */

/* Begin PBXVariantGroup section */
		45BF38C1265D3423009B9194 /* Main.storyboard */ = {
			isa = PBXVariantGroup;
			children = (
				45BF38C2265D3423009B9194 /* Base */,
			);
			name = Main.storyboard;
			sourceTree = "<group>";
		};
		45BF38C6265D3424009B9194 /* LaunchScreen.storyboard */ = {
			isa = PBXVariantGroup;
			children = (
				45BF38C7265D3424009B9194 /* Base */,
			);
			name = LaunchScreen.storyboard;
			sourceTree = "<group>";
		};
/* End PBXVariantGroup section */

/* Begin XCBuildConfiguration section */
		45BF38E0265D3424009B9194 /* Debug */ = {
			isa = XCBuildConfiguration;
			buildSettings = {
				ALWAYS_SEARCH_USER_PATHS = NO;
				CLANG_ANALYZER_NONNULL = YES;
				CLANG_ANALYZER_NUMBER_OBJECT_CONVERSION = YES_AGGRESSIVE;
				CLANG_CXX_LANGUAGE_STANDARD = "gnu++14";
				CLANG_CXX_LIBRARY = "libc++";
				CLANG_ENABLE_MODULES = YES;
				CLANG_ENABLE_OBJC_ARC = YES;
				CLANG_ENABLE_OBJC_WEAK = YES;
				CLANG_WARN_BLOCK_CAPTURE_AUTORELEASING = YES;
				CLANG_WARN_BOOL_CONVERSION = YES;
				CLANG_WARN_COMMA = YES;
				CLANG_WARN_CONSTANT_CONVERSION = YES;
				CLANG_WARN_DEPRECATED_OBJC_IMPLEMENTATIONS = YES;
				CLANG_WARN_DIRECT_OBJC_ISA_USAGE = YES_ERROR;
				CLANG_WARN_DOCUMENTATION_COMMENTS = YES;
				CLANG_WARN_EMPTY_BODY = YES;
				CLANG_WARN_ENUM_CONVERSION = YES;
				CLANG_WARN_INFINITE_RECURSION = YES;
				CLANG_WARN_INT_CONVERSION = YES;
				CLANG_WARN_NON_LITERAL_NULL_CONVERSION = YES;
				CLANG_WARN_OBJC_IMPLICIT_RETAIN_SELF = YES;
				CLANG_WARN_OBJC_LITERAL_CONVERSION = YES;
				CLANG_WARN_OBJC_ROOT_CLASS = YES_ERROR;
				CLANG_WARN_QUOTED_INCLUDE_IN_FRAMEWORK_HEADER = YES;
				CLANG_WARN_RANGE_LOOP_ANALYSIS = YES;
				CLANG_WARN_STRICT_PROTOTYPES = YES;
				CLANG_WARN_SUSPICIOUS_MOVE = YES;
				CLANG_WARN_UNGUARDED_AVAILABILITY = YES_AGGRESSIVE;
				CLANG_WARN_UNREACHABLE_CODE = YES;
				CLANG_WARN__DUPLICATE_METHOD_MATCH = YES;
				COPY_PHASE_STRIP = NO;
				DEBUG_INFORMATION_FORMAT = dwarf;
				ENABLE_STRICT_OBJC_MSGSEND = YES;
				ENABLE_TESTABILITY = YES;
				GCC_C_LANGUAGE_STANDARD = gnu11;
				GCC_DYNAMIC_NO_PIC = NO;
				GCC_NO_COMMON_BLOCKS = YES;
				GCC_OPTIMIZATION_LEVEL = 0;
				GCC_PREPROCESSOR_DEFINITIONS = (
					"DEBUG=1",
					"$(inherited)",
				);
				GCC_WARN_64_TO_32_BIT_CONVERSION = YES;
				GCC_WARN_ABOUT_RETURN_TYPE = YES_ERROR;
				GCC_WARN_UNDECLARED_SELECTOR = YES;
				GCC_WARN_UNINITIALIZED_AUTOS = YES_AGGRESSIVE;
				GCC_WARN_UNUSED_FUNCTION = YES;
				GCC_WARN_UNUSED_VARIABLE = YES;
				IPHONEOS_DEPLOYMENT_TARGET = 14.4;
				MTL_ENABLE_DEBUG_INFO = INCLUDE_SOURCE;
				MTL_FAST_MATH = YES;
				ONLY_ACTIVE_ARCH = YES;
				SDKROOT = iphoneos;
				SWIFT_ACTIVE_COMPILATION_CONDITIONS = DEBUG;
				SWIFT_OPTIMIZATION_LEVEL = "-Onone";
			};
			name = Debug;
		};
		45BF38E1265D3424009B9194 /* Release */ = {
			isa = XCBuildConfiguration;
			buildSettings = {
				ALWAYS_SEARCH_USER_PATHS = NO;
				CLANG_ANALYZER_NONNULL = YES;
				CLANG_ANALYZER_NUMBER_OBJECT_CONVERSION = YES_AGGRESSIVE;
				CLANG_CXX_LANGUAGE_STANDARD = "gnu++14";
				CLANG_CXX_LIBRARY = "libc++";
				CLANG_ENABLE_MODULES = YES;
				CLANG_ENABLE_OBJC_ARC = YES;
				CLANG_ENABLE_OBJC_WEAK = YES;
				CLANG_WARN_BLOCK_CAPTURE_AUTORELEASING = YES;
				CLANG_WARN_BOOL_CONVERSION = YES;
				CLANG_WARN_COMMA = YES;
				CLANG_WARN_CONSTANT_CONVERSION = YES;
				CLANG_WARN_DEPRECATED_OBJC_IMPLEMENTATIONS = YES;
				CLANG_WARN_DIRECT_OBJC_ISA_USAGE = YES_ERROR;
				CLANG_WARN_DOCUMENTATION_COMMENTS = YES;
				CLANG_WARN_EMPTY_BODY = YES;
				CLANG_WARN_ENUM_CONVERSION = YES;
				CLANG_WARN_INFINITE_RECURSION = YES;
				CLANG_WARN_INT_CONVERSION = YES;
				CLANG_WARN_NON_LITERAL_NULL_CONVERSION = YES;
				CLANG_WARN_OBJC_IMPLICIT_RETAIN_SELF = YES;
				CLANG_WARN_OBJC_LITERAL_CONVERSION = YES;
				CLANG_WARN_OBJC_ROOT_CLASS = YES_ERROR;
				CLANG_WARN_QUOTED_INCLUDE_IN_FRAMEWORK_HEADER = YES;
				CLANG_WARN_RANGE_LOOP_ANALYSIS = YES;
				CLANG_WARN_STRICT_PROTOTYPES = YES;
				CLANG_WARN_SUSPICIOUS_MOVE = YES;
				CLANG_WARN_UNGUARDED_AVAILABILITY = YES_AGGRESSIVE;
				CLANG_WARN_UNREACHABLE_CODE = YES;
				CLANG_WARN__DUPLICATE_METHOD_MATCH = YES;
				COPY_PHASE_STRIP = NO;
				DEBUG_INFORMATION_FORMAT = "dwarf-with-dsym";
				ENABLE_NS_ASSERTIONS = NO;
				ENABLE_STRICT_OBJC_MSGSEND = YES;
				GCC_C_LANGUAGE_STANDARD = gnu11;
				GCC_NO_COMMON_BLOCKS = YES;
				GCC_WARN_64_TO_32_BIT_CONVERSION = YES;
				GCC_WARN_ABOUT_RETURN_TYPE = YES_ERROR;
				GCC_WARN_UNDECLARED_SELECTOR = YES;
				GCC_WARN_UNINITIALIZED_AUTOS = YES_AGGRESSIVE;
				GCC_WARN_UNUSED_FUNCTION = YES;
				GCC_WARN_UNUSED_VARIABLE = YES;
				IPHONEOS_DEPLOYMENT_TARGET = 14.4;
				MTL_ENABLE_DEBUG_INFO = NO;
				MTL_FAST_MATH = YES;
				SDKROOT = iphoneos;
				SWIFT_COMPILATION_MODE = wholemodule;
				SWIFT_OPTIMIZATION_LEVEL = "-O";
				VALIDATE_PRODUCT = YES;
			};
			name = Release;
		};
		45BF38E3265D3424009B9194 /* Debug */ = {
			isa = XCBuildConfiguration;
			buildSettings = {
				ASSETCATALOG_COMPILER_APPICON_NAME = AppIcon;
				ASSETCATALOG_COMPILER_GLOBAL_ACCENT_COLOR_NAME = AccentColor;
				CODE_SIGN_STYLE = Automatic;
				DEVELOPMENT_TEAM = L63DQ52CN9;
				INFOPLIST_FILE = JRProgress/Info.plist;
				LD_RUNPATH_SEARCH_PATHS = (
					"$(inherited)",
					"@executable_path/Frameworks",
				);
				PRODUCT_BUNDLE_IDENTIFIER = jackfrow.JRProgress;
				PRODUCT_NAME = "$(TARGET_NAME)";
				SWIFT_VERSION = 5.0;
				TARGETED_DEVICE_FAMILY = "1,2";
			};
			name = Debug;
		};
		45BF38E4265D3424009B9194 /* Release */ = {
			isa = XCBuildConfiguration;
			buildSettings = {
				ASSETCATALOG_COMPILER_APPICON_NAME = AppIcon;
				ASSETCATALOG_COMPILER_GLOBAL_ACCENT_COLOR_NAME = AccentColor;
				CODE_SIGN_STYLE = Automatic;
				DEVELOPMENT_TEAM = L63DQ52CN9;
				INFOPLIST_FILE = JRProgress/Info.plist;
				LD_RUNPATH_SEARCH_PATHS = (
					"$(inherited)",
					"@executable_path/Frameworks",
				);
				PRODUCT_BUNDLE_IDENTIFIER = jackfrow.JRProgress;
				PRODUCT_NAME = "$(TARGET_NAME)";
				SWIFT_VERSION = 5.0;
				TARGETED_DEVICE_FAMILY = "1,2";
			};
			name = Release;
		};
		45BF38E6265D3424009B9194 /* Debug */ = {
			isa = XCBuildConfiguration;
			buildSettings = {
				ALWAYS_EMBED_SWIFT_STANDARD_LIBRARIES = YES;
				BUNDLE_LOADER = "$(TEST_HOST)";
				CODE_SIGN_STYLE = Automatic;
				DEVELOPMENT_TEAM = L63DQ52CN9;
				INFOPLIST_FILE = JRProgressTests/Info.plist;
				IPHONEOS_DEPLOYMENT_TARGET = 14.4;
				LD_RUNPATH_SEARCH_PATHS = (
					"$(inherited)",
					"@executable_path/Frameworks",
					"@loader_path/Frameworks",
				);
				PRODUCT_BUNDLE_IDENTIFIER = jackfrow.JRProgressTests;
				PRODUCT_NAME = "$(TARGET_NAME)";
				SWIFT_VERSION = 5.0;
				TARGETED_DEVICE_FAMILY = "1,2";
				TEST_HOST = "$(BUILT_PRODUCTS_DIR)/JRProgress.app/JRProgress";
			};
			name = Debug;
		};
		45BF38E7265D3424009B9194 /* Release */ = {
			isa = XCBuildConfiguration;
			buildSettings = {
				ALWAYS_EMBED_SWIFT_STANDARD_LIBRARIES = YES;
				BUNDLE_LOADER = "$(TEST_HOST)";
				CODE_SIGN_STYLE = Automatic;
				DEVELOPMENT_TEAM = L63DQ52CN9;
				INFOPLIST_FILE = JRProgressTests/Info.plist;
				IPHONEOS_DEPLOYMENT_TARGET = 14.4;
				LD_RUNPATH_SEARCH_PATHS = (
					"$(inherited)",
					"@executable_path/Frameworks",
					"@loader_path/Frameworks",
				);
				PRODUCT_BUNDLE_IDENTIFIER = jackfrow.JRProgressTests;
				PRODUCT_NAME = "$(TARGET_NAME)";
				SWIFT_VERSION = 5.0;
				TARGETED_DEVICE_FAMILY = "1,2";
				TEST_HOST = "$(BUILT_PRODUCTS_DIR)/JRProgress.app/JRProgress";
			};
			name = Release;
		};
		45BF38E9265D3424009B9194 /* Debug */ = {
			isa = XCBuildConfiguration;
			buildSettings = {
				ALWAYS_EMBED_SWIFT_STANDARD_LIBRARIES = YES;
				CODE_SIGN_STYLE = Automatic;
				DEVELOPMENT_TEAM = L63DQ52CN9;
				INFOPLIST_FILE = JRProgressUITests/Info.plist;
				LD_RUNPATH_SEARCH_PATHS = (
					"$(inherited)",
					"@executable_path/Frameworks",
					"@loader_path/Frameworks",
				);
				PRODUCT_BUNDLE_IDENTIFIER = jackfrow.JRProgressUITests;
				PRODUCT_NAME = "$(TARGET_NAME)";
				SWIFT_VERSION = 5.0;
				TARGETED_DEVICE_FAMILY = "1,2";
				TEST_TARGET_NAME = JRProgress;
			};
			name = Debug;
		};
		45BF38EA265D3424009B9194 /* Release */ = {
			isa = XCBuildConfiguration;
			buildSettings = {
				ALWAYS_EMBED_SWIFT_STANDARD_LIBRARIES = YES;
				CODE_SIGN_STYLE = Automatic;
				DEVELOPMENT_TEAM = L63DQ52CN9;
				INFOPLIST_FILE = JRProgressUITests/Info.plist;
				LD_RUNPATH_SEARCH_PATHS = (
					"$(inherited)",
					"@executable_path/Frameworks",
					"@loader_path/Frameworks",
				);
				PRODUCT_BUNDLE_IDENTIFIER = jackfrow.JRProgressUITests;
				PRODUCT_NAME = "$(TARGET_NAME)";
				SWIFT_VERSION = 5.0;
				TARGETED_DEVICE_FAMILY = "1,2";
				TEST_TARGET_NAME = JRProgress;
			};
			name = Release;
		};
/* End XCBuildConfiguration section */

/* Begin XCConfigurationList section */
		45BF38B3265D3423009B9194 /* Build configuration list for PBXProject "JRProgress" */ = {
			isa = XCConfigurationList;
			buildConfigurations = (
				45BF38E0265D3424009B9194 /* Debug */,
				45BF38E1265D3424009B9194 /* Release */,
			);
			defaultConfigurationIsVisible = 0;
			defaultConfigurationName = Release;
		};
		45BF38E2265D3424009B9194 /* Build configuration list for PBXNativeTarget "JRProgress" */ = {
			isa = XCConfigurationList;
			buildConfigurations = (
				45BF38E3265D3424009B9194 /* Debug */,
				45BF38E4265D3424009B9194 /* Release */,
			);
			defaultConfigurationIsVisible = 0;
			defaultConfigurationName = Release;
		};
		45BF38E5265D3424009B9194 /* Build configuration list for PBXNativeTarget "JRProgressTests" */ = {
			isa = XCConfigurationList;
			buildConfigurations = (
				45BF38E6265D3424009B9194 /* Debug */,
				45BF38E7265D3424009B9194 /* Release */,
			);
			defaultConfigurationIsVisible = 0;
			defaultConfigurationName = Release;
		};
		45BF38E8265D3424009B9194 /* Build configuration list for PBXNativeTarget "JRProgressUITests" */ = {
			isa = XCConfigurationList;
			buildConfigurations = (
				45BF38E9265D3424009B9194 /* Debug */,
				45BF38EA265D3424009B9194 /* Release */,
			);
			defaultConfigurationIsVisible = 0;
			defaultConfigurationName = Release;
		};
/* End XCConfigurationList section */
	};
	rootObject = 45BF38B0265D3423009B9194 /* Project object */;
}
